
Microsoft Visual Studio Solution File, Format Version 12.00
# Visual Studio Version 17
VisualStudioVersion = 17.2.32505.173
MinimumVisualStudioVersion = 10.0.40219.1
Project("{FAE04EC0-301F-11D3-BF4B-00C04F79EFBC}") = "vacina-tracker-v1", "vacina-tracker-v1\vacina-tracker-v1.csproj", "{D22305D9-AF12-48DB-B8A3-042CD5204DDA}"
EndProject
Global
	GlobalSection(SolutionConfigurationPlatforms) = preSolution
		Debug|Any CPU = Debug|Any CPU
		Release|Any CPU = Release|Any CPU
	EndGlobalSection
	GlobalSection(ProjectConfigurationPlatforms) = postSolution
		{D22305D9-AF12-48DB-B8A3-042CD5204DDA}.Debug|Any CPU.ActiveCfg = Debug|Any CPU
		{D22305D9-AF12-48DB-B8A3-042CD5204DDA}.Debug|Any CPU.Build.0 = Debug|Any CPU
		{D22305D9-AF12-48DB-B8A3-042CD5204DDA}.Release|Any CPU.ActiveCfg = Release|Any CPU
		{D22305D9-AF12-48DB-B8A3-042CD5204DDA}.Release|Any CPU.Build.0 = Release|Any CPU
	EndGlobalSection
	GlobalSection(SolutionProperties) = preSolution
		HideSolutionNode = FALSE
	EndGlobalSection
	GlobalSection(ExtensibilityGlobals) = postSolution
		SolutionGuid = {816C3612-4460-4A5B-938C-E327599F02AD}
	EndGlobalSection
EndGlobal
